// !$*UTF8*$!
{
	archiveVersion = 1;
	classes = {
	};
	objectVersion = 50;
	objects = {

/* Begin PBXBuildFile section */
		84352D30254EAE320062CD85 /* AppDelegate.swift in Sources */ = {isa = PBXBuildFile; fileRef = 84352D2F254EAE320062CD85 /* AppDelegate.swift */; };
		84352D32254EAE320062CD85 /* SceneDelegate.swift in Sources */ = {isa = PBXBuildFile; fileRef = 84352D31254EAE320062CD85 /* SceneDelegate.swift */; };
		84352D34254EAE320062CD85 /* ContentView.swift in Sources */ = {isa = PBXBuildFile; fileRef = 84352D33254EAE320062CD85 /* ContentView.swift */; };
		84352D36254EAE340062CD85 /* Assets.xcassets in Resources */ = {isa = PBXBuildFile; fileRef = 84352D35254EAE340062CD85 /* Assets.xcassets */; };
		84352D39254EAE340062CD85 /* Preview Assets.xcassets in Resources */ = {isa = PBXBuildFile; fileRef = 84352D38254EAE340062CD85 /* Preview Assets.xcassets */; };
		84352D3C254EAE340062CD85 /* LaunchScreen.storyboard in Resources */ = {isa = PBXBuildFile; fileRef = 84352D3A254EAE340062CD85 /* LaunchScreen.storyboard */; };
		84352D44254EB4D10062CD85 /* NetworkManager.swift in Sources */ = {isa = PBXBuildFile; fileRef = 84352D43254EB4D10062CD85 /* NetworkManager.swift */; };
		84352D4B254EB86C0062CD85 /* PostData.swift in Sources */ = {isa = PBXBuildFile; fileRef = 84352D4A254EB86C0062CD85 /* PostData.swift */; };
		8453AE3F254F0B1600F1FE68 /* DetailView.swift in Sources */ = {isa = PBXBuildFile; fileRef = 8453AE3E254F0B1600F1FE68 /* DetailView.swift */; };
		8453AE41255006C300F1FE68 /* WebView.swift in Sources */ = {isa = PBXBuildFile; fileRef = 8453AE40255006C300F1FE68 /* WebView.swift */; };
/* End PBXBuildFile section */

/* Begin PBXFileReference section */
		84352D2C254EAE320062CD85 /* H4X0R News.app */ = {isa = PBXFileReference; explicitFileType = wrapper.application; includeInIndex = 0; path = "H4X0R News.app"; sourceTree = BUILT_PRODUCTS_DIR; };
		84352D2F254EAE320062CD85 /* AppDelegate.swift */ = {isa = PBXFileReference; lastKnownFileType = sourcecode.swift; path = AppDelegate.swift; sourceTree = "<group>"; };
		84352D31254EAE320062CD85 /* SceneDelegate.swift */ = {isa = PBXFileReference; lastKnownFileType = sourcecode.swift; path = SceneDelegate.swift; sourceTree = "<group>"; };
		84352D33254EAE320062CD85 /* ContentView.swift */ = {isa = PBXFileReference; lastKnownFileType = sourcecode.swift; path = ContentView.swift; sourceTree = "<group>"; };
		84352D35254EAE340062CD85 /* Assets.xcassets */ = {isa = PBXFileReference; lastKnownFileType = folder.assetcatalog; path = Assets.xcassets; sourceTree = "<group>"; };
		84352D38254EAE340062CD85 /* Preview Assets.xcassets */ = {isa = PBXFileReference; lastKnownFileType = folder.assetcatalog; path = "Preview Assets.xcassets"; sourceTree = "<group>"; };
		84352D3B254EAE340062CD85 /* Base */ = {isa = PBXFileReference; lastKnownFileType = file.storyboard; name = Base; path = Base.lproj/LaunchScreen.storyboard; sourceTree = "<group>"; };
		84352D3D254EAE340062CD85 /* Info.plist */ = {isa = PBXFileReference; lastKnownFileType = text.plist.xml; path = Info.plist; sourceTree = "<group>"; };
		84352D43254EB4D10062CD85 /* NetworkManager.swift */ = {isa = PBXFileReference; lastKnownFileType = sourcecode.swift; path = NetworkManager.swift; sourceTree = "<group>"; };
		84352D4A254EB86C0062CD85 /* PostData.swift */ = {isa = PBXFileReference; lastKnownFileType = sourcecode.swift; path = PostData.swift; sourceTree = "<group>"; };
		8453AE3E254F0B1600F1FE68 /* DetailView.swift */ = {isa = PBXFileReference; lastKnownFileType = sourcecode.swift; path = DetailView.swift; sourceTree = "<group>"; };
		8453AE40255006C300F1FE68 /* WebView.swift */ = {isa = PBXFileReference; lastKnownFileType = sourcecode.swift; path = WebView.swift; sourceTree = "<group>"; };
/* End PBXFileReference section */

/* Begin PBXFrameworksBuildPhase section */
		84352D29254EAE320062CD85 /* Frameworks */ = {
			isa = PBXFrameworksBuildPhase;
			buildActionMask = 2147483647;
			files = (
			);
			runOnlyForDeploymentPostprocessing = 0;
		};
/* End PBXFrameworksBuildPhase section */

/* Begin PBXGroup section */
		84352D23254EAE320062CD85 = {
			isa = PBXGroup;
			children = (
				84352D2E254EAE320062CD85 /* H4X0R News */,
				84352D2D254EAE320062CD85 /* Products */,
			);
			sourceTree = "<group>";
		};
		84352D2D254EAE320062CD85 /* Products */ = {
			isa = PBXGroup;
			children = (
				84352D2C254EAE320062CD85 /* H4X0R News.app */,
			);
			name = Products;
			sourceTree = "<group>";
		};
		84352D2E254EAE320062CD85 /* H4X0R News */ = {
			isa = PBXGroup;
			children = (
				84352D2F254EAE320062CD85 /* AppDelegate.swift */,
				84352D31254EAE320062CD85 /* SceneDelegate.swift */,
				84352D49254EB5730062CD85 /* Models */,
				8453AE422550070D00F1FE68 /* Views */,
				84352D3A254EAE340062CD85 /* LaunchScreen.storyboard */,
				84352D35254EAE340062CD85 /* Assets.xcassets */,
				84352D3D254EAE340062CD85 /* Info.plist */,
				84352D37254EAE340062CD85 /* Preview Content */,
			);
			path = "H4X0R News";
			sourceTree = "<group>";
		};
		84352D37254EAE340062CD85 /* Preview Content */ = {
			isa = PBXGroup;
			children = (
				84352D38254EAE340062CD85 /* Preview Assets.xcassets */,
			);
			path = "Preview Content";
			sourceTree = "<group>";
		};
		84352D49254EB5730062CD85 /* Models */ = {
			isa = PBXGroup;
			children = (
				84352D43254EB4D10062CD85 /* NetworkManager.swift */,
				84352D4A254EB86C0062CD85 /* PostData.swift */,
			);
			path = Models;
			sourceTree = "<group>";
		};
		8453AE422550070D00F1FE68 /* Views */ = {
			isa = PBXGroup;
			children = (
				84352D33254EAE320062CD85 /* ContentView.swift */,
				8453AE3E254F0B1600F1FE68 /* DetailView.swift */,
				8453AE40255006C300F1FE68 /* WebView.swift */,
			);
			path = Views;
			sourceTree = "<group>";
		};
/* End PBXGroup section */

/* Begin PBXNativeTarget section */
		84352D2B254EAE320062CD85 /* H4X0R News */ = {
			isa = PBXNativeTarget;
			buildConfigurationList = 84352D40254EAE340062CD85 /* Build configuration list for PBXNativeTarget "H4X0R News" */;
			buildPhases = (
				84352D28254EAE320062CD85 /* Sources */,
				84352D29254EAE320062CD85 /* Frameworks */,
				84352D2A254EAE320062CD85 /* Resources */,
			);
			buildRules = (
			);
			dependencies = (
			);
			name = "H4X0R News";
			productName = "H4X0R News";
			productReference = 84352D2C254EAE320062CD85 /* H4X0R News.app */;
			productType = "com.apple.product-type.application";
		};
/* End PBXNativeTarget section */

/* Begin PBXProject section */
		84352D24254EAE320062CD85 /* Project object */ = {
			isa = PBXProject;
			attributes = {
				LastSwiftUpdateCheck = 1170;
				LastUpgradeCheck = 1170;
				ORGANIZATIONNAME = esaygiver;
				TargetAttributes = {
					84352D2B254EAE320062CD85 = {
						CreatedOnToolsVersion = 11.7;
					};
				};
			};
			buildConfigurationList = 84352D27254EAE320062CD85 /* Build configuration list for PBXProject "H4X0R News" */;
			compatibilityVersion = "Xcode 9.3";
			developmentRegion = en;
			hasScannedForEncodings = 0;
			knownRegions = (
				en,
				Base,
			);
			mainGroup = 84352D23254EAE320062CD85;
			productRefGroup = 84352D2D254EAE320062CD85 /* Products */;
			projectDirPath = "";
			projectRoot = "";
			targets = (
				84352D2B254EAE320062CD85 /* H4X0R News */,
			);
		};
/* End PBXProject section */

/* Begin PBXResourcesBuildPhase section */
		84352D2A254EAE320062CD85 /* Resources */ = {
			isa = PBXResourcesBuildPhase;
			buildActionMask = 2147483647;
			files = (
				84352D3C254EAE340062CD85 /* LaunchScreen.storyboard in Resources */,
				84352D39254EAE340062CD85 /* Preview Assets.xcassets in Resources */,
				84352D36254EAE340062CD85 /* Assets.xcassets in Resources */,
			);
			runOnlyForDeploymentPostprocessing = 0;
		};
/* End PBXResourcesBuildPhase section */

/* Begin PBXSourcesBuildPhase section */
		84352D28254EAE320062CD85 /* Sources */ = {
			isa = PBXSourcesBuildPhase;
			buildActionMask = 2147483647;
			files = (
				84352D4B254EB86C0062CD85 /* PostData.swift in Sources */,
				8453AE3F254F0B1600F1FE68 /* DetailView.swift in Sources */,
				84352D30254EAE320062CD85 /* AppDelegate.swift in Sources */,
				84352D32254EAE320062CD85 /* SceneDelegate.swift in Sources */,
				84352D34254EAE320062CD85 /* ContentView.swift in Sources */,
				84352D44254EB4D10062CD85 /* NetworkManager.swift in Sources */,
				8453AE41255006C300F1FE68 /* WebView.swift in Sources */,
			);
			runOnlyForDeploymentPostprocessing = 0;
		};
/* End PBXSourcesBuildPhase section */

/* Begin PBXVariantGroup section */
		84352D3A254EAE340062CD85 /* LaunchScreen.storyboard */ = {
			isa = PBXVariantGroup;
			children = (
				84352D3B254EAE340062CD85 /* Base */,
			);
			name = LaunchScreen.storyboard;
			sourceTree = "<group>";
		};
/* End PBXVariantGroup section */

/* Begin XCBuildConfiguration section */
		84352D3E254EAE340062CD85 /* Debug */ = {
			isa = XCBuildConfiguration;
			buildSettings = {
				ALWAYS_SEARCH_USER_PATHS = NO;
				CLANG_ANALYZER_NONNULL = YES;
				CLANG_ANALYZER_NUMBER_OBJECT_CONVERSION = YES_AGGRESSIVE;
				CLANG_CXX_LANGUAGE_STANDARD = "gnu++14";
				CLANG_CXX_LIBRARY = "libc++";
				CLANG_ENABLE_MODULES = YES;
				CLANG_ENABLE_OBJC_ARC = YES;
				CLANG_ENABLE_OBJC_WEAK = YES;
				CLANG_WARN_BLOCK_CAPTURE_AUTORELEASING = YES;
				CLANG_WARN_BOOL_CONVERSION = YES;
				CLANG_WARN_COMMA = YES;
				CLANG_WARN_CONSTANT_CONVERSION = YES;
				CLANG_WARN_DEPRECATED_OBJC_IMPLEMENTATIONS = YES;
				CLANG_WARN_DIRECT_OBJC_ISA_USAGE = YES_ERROR;
				CLANG_WARN_DOCUMENTATION_COMMENTS = YES;
				CLANG_WARN_EMPTY_BODY = YES;
				CLANG_WARN_ENUM_CONVERSION = YES;
				CLANG_WARN_INFINITE_RECURSION = YES;
				CLANG_WARN_INT_CONVERSION = YES;
				CLANG_WARN_NON_LITERAL_NULL_CONVERSION = YES;
				CLANG_WARN_OBJC_IMPLICIT_RETAIN_SELF = YES;
				CLANG_WARN_OBJC_LITERAL_CONVERSION = YES;
				CLANG_WARN_OBJC_ROOT_CLASS = YES_ERROR;
				CLANG_WARN_RANGE_LOOP_ANALYSIS = YES;
				CLANG_WARN_STRICT_PROTOTYPES = YES;
				CLANG_WARN_SUSPICIOUS_MOVE = YES;
				CLANG_WARN_UNGUARDED_AVAILABILITY = YES_AGGRESSIVE;
				CLANG_WARN_UNREACHABLE_CODE = YES;
				CLANG_WARN__DUPLICATE_METHOD_MATCH = YES;
				COPY_PHASE_STRIP = NO;
				DEBUG_INFORMATION_FORMAT = dwarf;
				ENABLE_STRICT_OBJC_MSGSEND = YES;
				ENABLE_TESTABILITY = YES;
				GCC_C_LANGUAGE_STANDARD = gnu11;
				GCC_DYNAMIC_NO_PIC = NO;
				GCC_NO_COMMON_BLOCKS = YES;
				GCC_OPTIMIZATION_LEVEL = 0;
				GCC_PREPROCESSOR_DEFINITIONS = (
					"DEBUG=1",
					"$(inherited)",
				);
				GCC_WARN_64_TO_32_BIT_CONVERSION = YES;
				GCC_WARN_ABOUT_RETURN_TYPE = YES_ERROR;
				GCC_WARN_UNDECLARED_SELECTOR = YES;
				GCC_WARN_UNINITIALIZED_AUTOS = YES_AGGRESSIVE;
				GCC_WARN_UNUSED_FUNCTION = YES;
				GCC_WARN_UNUSED_VARIABLE = YES;
				IPHONEOS_DEPLOYMENT_TARGET = 13.7;
				MTL_ENABLE_DEBUG_INFO = INCLUDE_SOURCE;
				MTL_FAST_MATH = YES;
				ONLY_ACTIVE_ARCH = YES;
				SDKROOT = iphoneos;
				SWIFT_ACTIVE_COMPILATION_CONDITIONS = DEBUG;
				SWIFT_OPTIMIZATION_LEVEL = "-Onone";
			};
			name = Debug;
		};
		84352D3F254EAE340062CD85 /* Release */ = {
			isa = XCBuildConfiguration;
			buildSettings = {
				ALWAYS_SEARCH_USER_PATHS = NO;
				CLANG_ANALYZER_NONNULL = YES;
				CLANG_ANALYZER_NUMBER_OBJECT_CONVERSION = YES_AGGRESSIVE;
				CLANG_CXX_LANGUAGE_STANDARD = "gnu++14";
				CLANG_CXX_LIBRARY = "libc++";
				CLANG_ENABLE_MODULES = YES;
				CLANG_ENABLE_OBJC_ARC = YES;
				CLANG_ENABLE_OBJC_WEAK = YES;
				CLANG_WARN_BLOCK_CAPTURE_AUTORELEASING = YES;
				CLANG_WARN_BOOL_CONVERSION = YES;
				CLANG_WARN_COMMA = YES;
				CLANG_WARN_CONSTANT_CONVERSION = YES;
				CLANG_WARN_DEPRECATED_OBJC_IMPLEMENTATIONS = YES;
				CLANG_WARN_DIRECT_OBJC_ISA_USAGE = YES_ERROR;
				CLANG_WARN_DOCUMENTATION_COMMENTS = YES;
				CLANG_WARN_EMPTY_BODY = YES;
				CLANG_WARN_ENUM_CONVERSION = YES;
				CLANG_WARN_INFINITE_RECURSION = YES;
				CLANG_WARN_INT_CONVERSION = YES;
				CLANG_WARN_NON_LITERAL_NULL_CONVERSION = YES;
				CLANG_WARN_OBJC_IMPLICIT_RETAIN_SELF = YES;
				CLANG_WARN_OBJC_LITERAL_CONVERSION = YES;
				CLANG_WARN_OBJC_ROOT_CLASS = YES_ERROR;
				CLANG_WARN_RANGE_LOOP_ANALYSIS = YES;
				CLANG_WARN_STRICT_PROTOTYPES = YES;
				CLANG_WARN_SUSPICIOUS_MOVE = YES;
				CLANG_WARN_UNGUARDED_AVAILABILITY = YES_AGGRESSIVE;
				CLANG_WARN_UNREACHABLE_CODE = YES;
				CLANG_WARN__DUPLICATE_METHOD_MATCH = YES;
				COPY_PHASE_STRIP = NO;
				DEBUG_INFORMATION_FORMAT = "dwarf-with-dsym";
				ENABLE_NS_ASSERTIONS = NO;
				ENABLE_STRICT_OBJC_MSGSEND = YES;
				GCC_C_LANGUAGE_STANDARD = gnu11;
				GCC_NO_COMMON_BLOCKS = YES;
				GCC_WARN_64_TO_32_BIT_CONVERSION = YES;
				GCC_WARN_ABOUT_RETURN_TYPE = YES_ERROR;
				GCC_WARN_UNDECLARED_SELECTOR = YES;
				GCC_WARN_UNINITIALIZED_AUTOS = YES_AGGRESSIVE;
				GCC_WARN_UNUSED_FUNCTION = YES;
				GCC_WARN_UNUSED_VARIABLE = YES;
				IPHONEOS_DEPLOYMENT_TARGET = 13.7;
				MTL_ENABLE_DEBUG_INFO = NO;
				MTL_FAST_MATH = YES;
				SDKROOT = iphoneos;
				SWIFT_COMPILATION_MODE = wholemodule;
				SWIFT_OPTIMIZATION_LEVEL = "-O";
				VALIDATE_PRODUCT = YES;
			};
			name = Release;
		};
		84352D41254EAE340062CD85 /* Debug */ = {
			isa = XCBuildConfiguration;
			buildSettings = {
				ASSETCATALOG_COMPILER_APPICON_NAME = AppIcon;
				CODE_SIGN_STYLE = Automatic;
				DEVELOPMENT_ASSET_PATHS = "\"H4X0R News/Preview Content\"";
				DEVELOPMENT_TEAM = 25N5N47755;
				ENABLE_PREVIEWS = YES;
				INFOPLIST_FILE = "H4X0R News/Info.plist";
				LD_RUNPATH_SEARCH_PATHS = (
					"$(inherited)",
					"@executable_path/Frameworks",
				);
				PRODUCT_BUNDLE_IDENTIFIER = "com.Esaygiver.H4X0R-News";
				PRODUCT_NAME = "$(TARGET_NAME)";
				SWIFT_VERSION = 5.0;
				TARGETED_DEVICE_FAMILY = "1,2";
			};
			name = Debug;
		};
		84352D42254EAE340062CD85 /* Release */ = {
			isa = XCBuildConfiguration;
			buildSettings = {
				ASSETCATALOG_COMPILER_APPICON_NAME = AppIcon;
				CODE_SIGN_STYLE = Automatic;
				DEVELOPMENT_ASSET_PATHS = "\"H4X0R News/Preview Content\"";
				DEVELOPMENT_TEAM = 25N5N47755;
				ENABLE_PREVIEWS = YES;
				INFOPLIST_FILE = "H4X0R News/Info.plist";
				LD_RUNPATH_SEARCH_PATHS = (
					"$(inherited)",
					"@executable_path/Frameworks",
				);
				PRODUCT_BUNDLE_IDENTIFIER = "com.Esaygiver.H4X0R-News";
				PRODUCT_NAME = "$(TARGET_NAME)";
				SWIFT_VERSION = 5.0;
				TARGETED_DEVICE_FAMILY = "1,2";
			};
			name = Release;
		};
/* End XCBuildConfiguration section */

/* Begin XCConfigurationList section */
		84352D27254EAE320062CD85 /* Build configuration list for PBXProject "H4X0R News" */ = {
			isa = XCConfigurationList;
			buildConfigurations = (
				84352D3E254EAE340062CD85 /* Debug */,
				84352D3F254EAE340062CD85 /* Release */,
			);
			defaultConfigurationIsVisible = 0;
			defaultConfigurationName = Release;
		};
		84352D40254EAE340062CD85 /* Build configuration list for PBXNativeTarget "H4X0R News" */ = {
			isa = XCConfigurationList;
			buildConfigurations = (
				84352D41254EAE340062CD85 /* Debug */,
				84352D42254EAE340062CD85 /* Release */,
			);
			defaultConfigurationIsVisible = 0;
			defaultConfigurationName = Release;
		};
/* End XCConfigurationList section */
	};
	rootObject = 84352D24254EAE320062CD85 /* Project object */;
}
